
Microsoft Visual Studio Solution File, Format Version 12.00
# Visual Studio Version 17
VisualStudioVersion = 17.8.34330.188
MinimumVisualStudioVersion = 10.0.40219.1
Project("{FAE04EC0-301F-11D3-BF4B-00C04F79EFBC}") = "NadajPrzesylke", "NadajPrzesylke\NadajPrzesylke.csproj", "{03D6D52D-360C-4275-97DE-AACB22E84B0B}"
EndProject
Global
	GlobalSection(SolutionConfigurationPlatforms) = preSolution
		Debug|Any CPU = Debug|Any CPU
		Release|Any CPU = Release|Any CPU
	EndGlobalSection
	GlobalSection(ProjectConfigurationPlatforms) = postSolution
		{03D6D52D-360C-4275-97DE-AACB22E84B0B}.Debug|Any CPU.ActiveCfg = Debug|Any CPU
		{03D6D52D-360C-4275-97DE-AACB22E84B0B}.Debug|Any CPU.Build.0 = Debug|Any CPU
		{03D6D52D-360C-4275-97DE-AACB22E84B0B}.Release|Any CPU.ActiveCfg = Release|Any CPU
		{03D6D52D-360C-4275-97DE-AACB22E84B0B}.Release|Any CPU.Build.0 = Release|Any CPU
	EndGlobalSection
	GlobalSection(SolutionProperties) = preSolution
		HideSolutionNode = FALSE
	EndGlobalSection
	GlobalSection(ExtensibilityGlobals) = postSolution
		SolutionGuid = {ED85AA29-5F0F-4FED-8DF1-D59E4850497F}
	EndGlobalSection
EndGlobal
